
Microsoft Visual Studio Solution File, Format Version 12.00
# Visual Studio 14
VisualStudioVersion = 14.0.25420.1
MinimumVisualStudioVersion = 10.0.40219.1
Project("{2150E333-8FDC-42A3-9474-1A3956D46DE8}") = "src", "src", "{8C004ABE-CB4D-4A29-B9D8-436C9C6F7F2E}"
EndProject
Project("{2150E333-8FDC-42A3-9474-1A3956D46DE8}") = "Solution Items", "Solution Items", "{20B08E15-12F9-4A36-B4D5-6C2AECCA7717}"
	ProjectSection(SolutionItems) = preProject
		global.json = global.json
	EndProjectSection
EndProject
Project("{8BB2217D-0F2D-49D1-97BC-3654ED321F3B}") = "ZenithWebsite", "src\ZenithWebsite\ZenithWebsite.xproj", "{334E14DC-2CCF-42BA-96A3-87246D941105}"
EndProject
Global
	GlobalSection(SolutionConfigurationPlatforms) = preSolution
		Debug|Any CPU = Debug|Any CPU
		Release|Any CPU = Release|Any CPU
	EndGlobalSection
	GlobalSection(ProjectConfigurationPlatforms) = postSolution
		{334E14DC-2CCF-42BA-96A3-87246D941105}.Debug|Any CPU.ActiveCfg = Debug|Any CPU
		{334E14DC-2CCF-42BA-96A3-87246D941105}.Debug|Any CPU.Build.0 = Debug|Any CPU
		{334E14DC-2CCF-42BA-96A3-87246D941105}.Release|Any CPU.ActiveCfg = Release|Any CPU
		{334E14DC-2CCF-42BA-96A3-87246D941105}.Release|Any CPU.Build.0 = Release|Any CPU
	EndGlobalSection
	GlobalSection(SolutionProperties) = preSolution
		HideSolutionNode = FALSE
	EndGlobalSection
	GlobalSection(NestedProjects) = preSolution
		{334E14DC-2CCF-42BA-96A3-87246D941105} = {8C004ABE-CB4D-4A29-B9D8-436C9C6F7F2E}
	EndGlobalSection
EndGlobal
